# THIS IS AN AUTOGENERATED FILE. DO NOT EDIT THIS FILE DIRECTLY.
# yarn lockfile v1


nouislider@^12.1.0:
  version "12.1.0"
  resolved "https://registry.yarnpkg.com/nouislider/-/nouislider-12.1.0.tgz#a4416b4b3357e77e52217f8ecf060eb14a855f59"
  integrity sha512-SAOabF6hBm8201c6LDbkVOVhgwY49+/ms72ZLUF2qkN5RCf7FfUvEh/hGZ7XcwZHU+I/grlicPmcSk1/rrMnOw==
